
Microsoft Visual Studio Solution File, Format Version 12.00
Project("{FAE04EC0-301F-11D3-BF4B-00C04F79EFBC}") = "StoffdPatterns", "StoffdPatterns\StoffdPatterns.csproj", "{42E8F174-7099-457C-836C-50FDDCAC94BC}"
EndProject
Project("{FAE04EC0-301F-11D3-BF4B-00C04F79EFBC}") = "StatePattern", "StatePattern\StatePattern.csproj", "{93B72051-6051-46BF-94EE-61736FD42834}"
EndProject
Project("{2150E333-8FDC-42A3-9474-1A3956D46DE8}") = "GoFPatterns", "GoFPatterns", "{B32611D1-FE2A-42AB-84DC-121E5FDDEC58}"
EndProject
Project("{2150E333-8FDC-42A3-9474-1A3956D46DE8}") = "DDDPatterns", "DDDPatterns", "{E718D566-B0ED-4C77-93B3-AE0B35A447DD}"
EndProject
Project("{FAE04EC0-301F-11D3-BF4B-00C04F79EFBC}") = "RepoVariation", "RepoVariation\RepoVariation.csproj", "{AB1C2D65-149D-4A37-8ED4-B08F85119C47}"
EndProject
Global
	GlobalSection(SolutionConfigurationPlatforms) = preSolution
		Debug|Any CPU = Debug|Any CPU
		Release|Any CPU = Release|Any CPU
	EndGlobalSection
	GlobalSection(ProjectConfigurationPlatforms) = postSolution
		{42E8F174-7099-457C-836C-50FDDCAC94BC}.Debug|Any CPU.ActiveCfg = Debug|Any CPU
		{42E8F174-7099-457C-836C-50FDDCAC94BC}.Debug|Any CPU.Build.0 = Debug|Any CPU
		{42E8F174-7099-457C-836C-50FDDCAC94BC}.Release|Any CPU.ActiveCfg = Release|Any CPU
		{42E8F174-7099-457C-836C-50FDDCAC94BC}.Release|Any CPU.Build.0 = Release|Any CPU
		{93B72051-6051-46BF-94EE-61736FD42834}.Debug|Any CPU.ActiveCfg = Debug|Any CPU
		{93B72051-6051-46BF-94EE-61736FD42834}.Debug|Any CPU.Build.0 = Debug|Any CPU
		{93B72051-6051-46BF-94EE-61736FD42834}.Release|Any CPU.ActiveCfg = Release|Any CPU
		{93B72051-6051-46BF-94EE-61736FD42834}.Release|Any CPU.Build.0 = Release|Any CPU
		{AB1C2D65-149D-4A37-8ED4-B08F85119C47}.Debug|Any CPU.ActiveCfg = Debug|Any CPU
		{AB1C2D65-149D-4A37-8ED4-B08F85119C47}.Debug|Any CPU.Build.0 = Debug|Any CPU
		{AB1C2D65-149D-4A37-8ED4-B08F85119C47}.Release|Any CPU.ActiveCfg = Release|Any CPU
		{AB1C2D65-149D-4A37-8ED4-B08F85119C47}.Release|Any CPU.Build.0 = Release|Any CPU
	EndGlobalSection
	GlobalSection(NestedProjects) = preSolution
		{93B72051-6051-46BF-94EE-61736FD42834} = {B32611D1-FE2A-42AB-84DC-121E5FDDEC58}
		{42E8F174-7099-457C-836C-50FDDCAC94BC} = {B32611D1-FE2A-42AB-84DC-121E5FDDEC58}
		{AB1C2D65-149D-4A37-8ED4-B08F85119C47} = {E718D566-B0ED-4C77-93B3-AE0B35A447DD}
	EndGlobalSection
EndGlobal
